// !$*UTF8*$!
{
	archiveVersion = 1;
	classes = {
	};
	objectVersion = 50;
	objects = {

/* Begin PBXBuildFile section */
		AF49689224572A9300188743 /* AppDelegate.swift in Sources */ = {isa = PBXBuildFile; fileRef = AF49689124572A9300188743 /* AppDelegate.swift */; };
		AF49689924572A9300188743 /* Main.storyboard in Resources */ = {isa = PBXBuildFile; fileRef = AF49689724572A9300188743 /* Main.storyboard */; };
		AF49689B24572A9600188743 /* Assets.xcassets in Resources */ = {isa = PBXBuildFile; fileRef = AF49689A24572A9600188743 /* Assets.xcassets */; };
		AF49689E24572A9600188743 /* LaunchScreen.storyboard in Resources */ = {isa = PBXBuildFile; fileRef = AF49689C24572A9600188743 /* LaunchScreen.storyboard */; };
		AF4968AB24584A7700188743 /* UsersListItem.swift in Sources */ = {isa = PBXBuildFile; fileRef = AF4968AA24584A7700188743 /* UsersListItem.swift */; };
		AF4968AF24584AA800188743 /* UsersListVC.swift in Sources */ = {isa = PBXBuildFile; fileRef = AF4968AE24584AA800188743 /* UsersListVC.swift */; };
		AF4968B124584AB900188743 /* UserCell.swift in Sources */ = {isa = PBXBuildFile; fileRef = AF4968B024584AB900188743 /* UserCell.swift */; };
		AF4968B324584AD200188743 /* UsersListPresenter.swift in Sources */ = {isa = PBXBuildFile; fileRef = AF4968B224584AD200188743 /* UsersListPresenter.swift */; };
		AF4968B924584BF600188743 /* Album.swift in Sources */ = {isa = PBXBuildFile; fileRef = AF4968B824584BF600188743 /* Album.swift */; };
		AF4968BB24584C0000188743 /* Photo.swift in Sources */ = {isa = PBXBuildFile; fileRef = AF4968BA24584C0000188743 /* Photo.swift */; };
		AF4968BE24584DC900188743 /* Router.swift in Sources */ = {isa = PBXBuildFile; fileRef = AF4968BD24584DC900188743 /* Router.swift */; };
		AF4968C024584DD800188743 /* Config.swift in Sources */ = {isa = PBXBuildFile; fileRef = AF4968BF24584DD800188743 /* Config.swift */; };
		AF4968C224584E3E00188743 /* ResponseValidator.swift in Sources */ = {isa = PBXBuildFile; fileRef = AF4968C124584E3E00188743 /* ResponseValidator.swift */; };
		AF4968C524584E7A00188743 /* ErrorInfo.swift in Sources */ = {isa = PBXBuildFile; fileRef = AF4968C424584E7A00188743 /* ErrorInfo.swift */; };
		AF4968C724584EBB00188743 /* ApiError.swift in Sources */ = {isa = PBXBuildFile; fileRef = AF4968C624584EBB00188743 /* ApiError.swift */; };
/* End PBXBuildFile section */

/* Begin PBXFileReference section */
		AF49688E24572A9300188743 /* PhotoAlbums.app */ = {isa = PBXFileReference; explicitFileType = wrapper.application; includeInIndex = 0; path = PhotoAlbums.app; sourceTree = BUILT_PRODUCTS_DIR; };
		AF49689124572A9300188743 /* AppDelegate.swift */ = {isa = PBXFileReference; lastKnownFileType = sourcecode.swift; path = AppDelegate.swift; sourceTree = "<group>"; };
		AF49689824572A9300188743 /* Base */ = {isa = PBXFileReference; lastKnownFileType = file.storyboard; name = Base; path = Base.lproj/Main.storyboard; sourceTree = "<group>"; };
		AF49689A24572A9600188743 /* Assets.xcassets */ = {isa = PBXFileReference; lastKnownFileType = folder.assetcatalog; path = Assets.xcassets; sourceTree = "<group>"; };
		AF49689D24572A9600188743 /* Base */ = {isa = PBXFileReference; lastKnownFileType = file.storyboard; name = Base; path = Base.lproj/LaunchScreen.storyboard; sourceTree = "<group>"; };
		AF49689F24572A9600188743 /* Info.plist */ = {isa = PBXFileReference; lastKnownFileType = text.plist.xml; path = Info.plist; sourceTree = "<group>"; };
		AF4968AA24584A7700188743 /* UsersListItem.swift */ = {isa = PBXFileReference; lastKnownFileType = sourcecode.swift; path = UsersListItem.swift; sourceTree = "<group>"; };
		AF4968AE24584AA800188743 /* UsersListVC.swift */ = {isa = PBXFileReference; lastKnownFileType = sourcecode.swift; path = UsersListVC.swift; sourceTree = "<group>"; };
		AF4968B024584AB900188743 /* UserCell.swift */ = {isa = PBXFileReference; lastKnownFileType = sourcecode.swift; path = UserCell.swift; sourceTree = "<group>"; };
		AF4968B224584AD200188743 /* UsersListPresenter.swift */ = {isa = PBXFileReference; lastKnownFileType = sourcecode.swift; path = UsersListPresenter.swift; sourceTree = "<group>"; };
		AF4968B824584BF600188743 /* Album.swift */ = {isa = PBXFileReference; lastKnownFileType = sourcecode.swift; path = Album.swift; sourceTree = "<group>"; };
		AF4968BA24584C0000188743 /* Photo.swift */ = {isa = PBXFileReference; lastKnownFileType = sourcecode.swift; path = Photo.swift; sourceTree = "<group>"; };
		AF4968BD24584DC900188743 /* Router.swift */ = {isa = PBXFileReference; lastKnownFileType = sourcecode.swift; path = Router.swift; sourceTree = "<group>"; };
		AF4968BF24584DD800188743 /* Config.swift */ = {isa = PBXFileReference; lastKnownFileType = sourcecode.swift; path = Config.swift; sourceTree = "<group>"; };
		AF4968C124584E3E00188743 /* ResponseValidator.swift */ = {isa = PBXFileReference; lastKnownFileType = sourcecode.swift; path = ResponseValidator.swift; sourceTree = "<group>"; };
		AF4968C424584E7A00188743 /* ErrorInfo.swift */ = {isa = PBXFileReference; lastKnownFileType = sourcecode.swift; path = ErrorInfo.swift; sourceTree = "<group>"; };
		AF4968C624584EBB00188743 /* ApiError.swift */ = {isa = PBXFileReference; lastKnownFileType = sourcecode.swift; path = ApiError.swift; sourceTree = "<group>"; };
/* End PBXFileReference section */

/* Begin PBXFrameworksBuildPhase section */
		AF49688B24572A9300188743 /* Frameworks */ = {
			isa = PBXFrameworksBuildPhase;
			buildActionMask = 2147483647;
			files = (
			);
			runOnlyForDeploymentPostprocessing = 0;
		};
/* End PBXFrameworksBuildPhase section */

/* Begin PBXGroup section */
		AF49688524572A9300188743 = {
			isa = PBXGroup;
			children = (
				AF49689024572A9300188743 /* PhotoAlbums */,
				AF49688F24572A9300188743 /* Products */,
			);
			sourceTree = "<group>";
		};
		AF49688F24572A9300188743 /* Products */ = {
			isa = PBXGroup;
			children = (
				AF49688E24572A9300188743 /* PhotoAlbums.app */,
			);
			name = Products;
			sourceTree = "<group>";
		};
		AF49689024572A9300188743 /* PhotoAlbums */ = {
			isa = PBXGroup;
			children = (
				AF4968B424584B9400188743 /* Data */,
				AF4968A92458497700188743 /* UI */,
				AF49689124572A9300188743 /* AppDelegate.swift */,
				AF49689724572A9300188743 /* Main.storyboard */,
				AF49689A24572A9600188743 /* Assets.xcassets */,
				AF49689C24572A9600188743 /* LaunchScreen.storyboard */,
				AF49689F24572A9600188743 /* Info.plist */,
			);
			path = PhotoAlbums;
			sourceTree = "<group>";
		};
		AF4968A52458493400188743 /* User */ = {
			isa = PBXGroup;
			children = (
				AF4968A82458495300188743 /* Model */,
				AF4968A72458494C00188743 /* View */,
				AF4968A62458493F00188743 /* Presenter */,
			);
			path = User;
			sourceTree = "<group>";
		};
		AF4968A62458493F00188743 /* Presenter */ = {
			isa = PBXGroup;
			children = (
				AF4968B224584AD200188743 /* UsersListPresenter.swift */,
			);
			path = Presenter;
			sourceTree = "<group>";
		};
		AF4968A72458494C00188743 /* View */ = {
			isa = PBXGroup;
			children = (
				AF4968AE24584AA800188743 /* UsersListVC.swift */,
				AF4968B024584AB900188743 /* UserCell.swift */,
			);
			path = View;
			sourceTree = "<group>";
		};
		AF4968A82458495300188743 /* Model */ = {
			isa = PBXGroup;
			children = (
				AF4968AA24584A7700188743 /* UsersListItem.swift */,
			);
			path = Model;
			sourceTree = "<group>";
		};
		AF4968A92458497700188743 /* UI */ = {
			isa = PBXGroup;
			children = (
				AF4968A52458493400188743 /* User */,
			);
			path = UI;
			sourceTree = "<group>";
		};
		AF4968B424584B9400188743 /* Data */ = {
			isa = PBXGroup;
			children = (
				AF4968BC24584DAE00188743 /* Networking */,
				AF4968B524584BA200188743 /* DTO */,
			);
			path = Data;
			sourceTree = "<group>";
		};
		AF4968B524584BA200188743 /* DTO */ = {
			isa = PBXGroup;
			children = (
				AF4968B824584BF600188743 /* Album.swift */,
				AF4968BA24584C0000188743 /* Photo.swift */,
			);
			path = DTO;
			sourceTree = "<group>";
		};
		AF4968BC24584DAE00188743 /* Networking */ = {
			isa = PBXGroup;
			children = (
				AF4968C324584E5B00188743 /* Error */,
				AF4968BF24584DD800188743 /* Config.swift */,
				AF4968BD24584DC900188743 /* Router.swift */,
				AF4968C124584E3E00188743 /* ResponseValidator.swift */,
			);
			path = Networking;
			sourceTree = "<group>";
		};
		AF4968C324584E5B00188743 /* Error */ = {
			isa = PBXGroup;
			children = (
				AF4968C424584E7A00188743 /* ErrorInfo.swift */,
				AF4968C624584EBB00188743 /* ApiError.swift */,
			);
			path = Error;
			sourceTree = "<group>";
		};
/* End PBXGroup section */

/* Begin PBXNativeTarget section */
		AF49688D24572A9300188743 /* PhotoAlbums */ = {
			isa = PBXNativeTarget;
			buildConfigurationList = AF4968A224572A9600188743 /* Build configuration list for PBXNativeTarget "PhotoAlbums" */;
			buildPhases = (
				AF49688A24572A9300188743 /* Sources */,
				AF49688B24572A9300188743 /* Frameworks */,
				AF49688C24572A9300188743 /* Resources */,
			);
			buildRules = (
			);
			dependencies = (
			);
			name = PhotoAlbums;
			productName = PhotoAlbums;
			productReference = AF49688E24572A9300188743 /* PhotoAlbums.app */;
			productType = "com.apple.product-type.application";
		};
/* End PBXNativeTarget section */

/* Begin PBXProject section */
		AF49688624572A9300188743 /* Project object */ = {
			isa = PBXProject;
			attributes = {
				LastSwiftUpdateCheck = 1100;
				LastUpgradeCheck = 1100;
				ORGANIZATIONNAME = "Yuliia Pavlenko";
				TargetAttributes = {
					AF49688D24572A9300188743 = {
						CreatedOnToolsVersion = 11.0;
					};
				};
			};
			buildConfigurationList = AF49688924572A9300188743 /* Build configuration list for PBXProject "PhotoAlbums" */;
			compatibilityVersion = "Xcode 9.3";
			developmentRegion = en;
			hasScannedForEncodings = 0;
			knownRegions = (
				en,
				Base,
			);
			mainGroup = AF49688524572A9300188743;
			productRefGroup = AF49688F24572A9300188743 /* Products */;
			projectDirPath = "";
			projectRoot = "";
			targets = (
				AF49688D24572A9300188743 /* PhotoAlbums */,
			);
		};
/* End PBXProject section */

/* Begin PBXResourcesBuildPhase section */
		AF49688C24572A9300188743 /* Resources */ = {
			isa = PBXResourcesBuildPhase;
			buildActionMask = 2147483647;
			files = (
				AF49689E24572A9600188743 /* LaunchScreen.storyboard in Resources */,
				AF49689B24572A9600188743 /* Assets.xcassets in Resources */,
				AF49689924572A9300188743 /* Main.storyboard in Resources */,
			);
			runOnlyForDeploymentPostprocessing = 0;
		};
/* End PBXResourcesBuildPhase section */

/* Begin PBXSourcesBuildPhase section */
		AF49688A24572A9300188743 /* Sources */ = {
			isa = PBXSourcesBuildPhase;
			buildActionMask = 2147483647;
			files = (
				AF4968BE24584DC900188743 /* Router.swift in Sources */,
				AF4968C524584E7A00188743 /* ErrorInfo.swift in Sources */,
				AF4968BB24584C0000188743 /* Photo.swift in Sources */,
				AF4968C024584DD800188743 /* Config.swift in Sources */,
				AF4968B124584AB900188743 /* UserCell.swift in Sources */,
				AF4968C724584EBB00188743 /* ApiError.swift in Sources */,
				AF49689224572A9300188743 /* AppDelegate.swift in Sources */,
				AF4968C224584E3E00188743 /* ResponseValidator.swift in Sources */,
				AF4968AF24584AA800188743 /* UsersListVC.swift in Sources */,
				AF4968B324584AD200188743 /* UsersListPresenter.swift in Sources */,
				AF4968AB24584A7700188743 /* UsersListItem.swift in Sources */,
				AF4968B924584BF600188743 /* Album.swift in Sources */,
			);
			runOnlyForDeploymentPostprocessing = 0;
		};
/* End PBXSourcesBuildPhase section */

/* Begin PBXVariantGroup section */
		AF49689724572A9300188743 /* Main.storyboard */ = {
			isa = PBXVariantGroup;
			children = (
				AF49689824572A9300188743 /* Base */,
			);
			name = Main.storyboard;
			sourceTree = "<group>";
		};
		AF49689C24572A9600188743 /* LaunchScreen.storyboard */ = {
			isa = PBXVariantGroup;
			children = (
				AF49689D24572A9600188743 /* Base */,
			);
			name = LaunchScreen.storyboard;
			sourceTree = "<group>";
		};
/* End PBXVariantGroup section */

/* Begin XCBuildConfiguration section */
		AF4968A024572A9600188743 /* Debug */ = {
			isa = XCBuildConfiguration;
			buildSettings = {
				ALWAYS_SEARCH_USER_PATHS = NO;
				CLANG_ANALYZER_NONNULL = YES;
				CLANG_ANALYZER_NUMBER_OBJECT_CONVERSION = YES_AGGRESSIVE;
				CLANG_CXX_LANGUAGE_STANDARD = "gnu++14";
				CLANG_CXX_LIBRARY = "libc++";
				CLANG_ENABLE_MODULES = YES;
				CLANG_ENABLE_OBJC_ARC = YES;
				CLANG_ENABLE_OBJC_WEAK = YES;
				CLANG_WARN_BLOCK_CAPTURE_AUTORELEASING = YES;
				CLANG_WARN_BOOL_CONVERSION = YES;
				CLANG_WARN_COMMA = YES;
				CLANG_WARN_CONSTANT_CONVERSION = YES;
				CLANG_WARN_DEPRECATED_OBJC_IMPLEMENTATIONS = YES;
				CLANG_WARN_DIRECT_OBJC_ISA_USAGE = YES_ERROR;
				CLANG_WARN_DOCUMENTATION_COMMENTS = YES;
				CLANG_WARN_EMPTY_BODY = YES;
				CLANG_WARN_ENUM_CONVERSION = YES;
				CLANG_WARN_INFINITE_RECURSION = YES;
				CLANG_WARN_INT_CONVERSION = YES;
				CLANG_WARN_NON_LITERAL_NULL_CONVERSION = YES;
				CLANG_WARN_OBJC_IMPLICIT_RETAIN_SELF = YES;
				CLANG_WARN_OBJC_LITERAL_CONVERSION = YES;
				CLANG_WARN_OBJC_ROOT_CLASS = YES_ERROR;
				CLANG_WARN_RANGE_LOOP_ANALYSIS = YES;
				CLANG_WARN_STRICT_PROTOTYPES = YES;
				CLANG_WARN_SUSPICIOUS_MOVE = YES;
				CLANG_WARN_UNGUARDED_AVAILABILITY = YES_AGGRESSIVE;
				CLANG_WARN_UNREACHABLE_CODE = YES;
				CLANG_WARN__DUPLICATE_METHOD_MATCH = YES;
				COPY_PHASE_STRIP = NO;
				DEBUG_INFORMATION_FORMAT = dwarf;
				ENABLE_STRICT_OBJC_MSGSEND = YES;
				ENABLE_TESTABILITY = YES;
				GCC_C_LANGUAGE_STANDARD = gnu11;
				GCC_DYNAMIC_NO_PIC = NO;
				GCC_NO_COMMON_BLOCKS = YES;
				GCC_OPTIMIZATION_LEVEL = 0;
				GCC_PREPROCESSOR_DEFINITIONS = (
					"DEBUG=1",
					"$(inherited)",
				);
				GCC_WARN_64_TO_32_BIT_CONVERSION = YES;
				GCC_WARN_ABOUT_RETURN_TYPE = YES_ERROR;
				GCC_WARN_UNDECLARED_SELECTOR = YES;
				GCC_WARN_UNINITIALIZED_AUTOS = YES_AGGRESSIVE;
				GCC_WARN_UNUSED_FUNCTION = YES;
				GCC_WARN_UNUSED_VARIABLE = YES;
				IPHONEOS_DEPLOYMENT_TARGET = 11.0;
				MTL_ENABLE_DEBUG_INFO = INCLUDE_SOURCE;
				MTL_FAST_MATH = YES;
				ONLY_ACTIVE_ARCH = YES;
				SDKROOT = iphoneos;
				SWIFT_ACTIVE_COMPILATION_CONDITIONS = DEBUG;
				SWIFT_OPTIMIZATION_LEVEL = "-Onone";
			};
			name = Debug;
		};
		AF4968A124572A9600188743 /* Release */ = {
			isa = XCBuildConfiguration;
			buildSettings = {
				ALWAYS_SEARCH_USER_PATHS = NO;
				CLANG_ANALYZER_NONNULL = YES;
				CLANG_ANALYZER_NUMBER_OBJECT_CONVERSION = YES_AGGRESSIVE;
				CLANG_CXX_LANGUAGE_STANDARD = "gnu++14";
				CLANG_CXX_LIBRARY = "libc++";
				CLANG_ENABLE_MODULES = YES;
				CLANG_ENABLE_OBJC_ARC = YES;
				CLANG_ENABLE_OBJC_WEAK = YES;
				CLANG_WARN_BLOCK_CAPTURE_AUTORELEASING = YES;
				CLANG_WARN_BOOL_CONVERSION = YES;
				CLANG_WARN_COMMA = YES;
				CLANG_WARN_CONSTANT_CONVERSION = YES;
				CLANG_WARN_DEPRECATED_OBJC_IMPLEMENTATIONS = YES;
				CLANG_WARN_DIRECT_OBJC_ISA_USAGE = YES_ERROR;
				CLANG_WARN_DOCUMENTATION_COMMENTS = YES;
				CLANG_WARN_EMPTY_BODY = YES;
				CLANG_WARN_ENUM_CONVERSION = YES;
				CLANG_WARN_INFINITE_RECURSION = YES;
				CLANG_WARN_INT_CONVERSION = YES;
				CLANG_WARN_NON_LITERAL_NULL_CONVERSION = YES;
				CLANG_WARN_OBJC_IMPLICIT_RETAIN_SELF = YES;
				CLANG_WARN_OBJC_LITERAL_CONVERSION = YES;
				CLANG_WARN_OBJC_ROOT_CLASS = YES_ERROR;
				CLANG_WARN_RANGE_LOOP_ANALYSIS = YES;
				CLANG_WARN_STRICT_PROTOTYPES = YES;
				CLANG_WARN_SUSPICIOUS_MOVE = YES;
				CLANG_WARN_UNGUARDED_AVAILABILITY = YES_AGGRESSIVE;
				CLANG_WARN_UNREACHABLE_CODE = YES;
				CLANG_WARN__DUPLICATE_METHOD_MATCH = YES;
				COPY_PHASE_STRIP = NO;
				DEBUG_INFORMATION_FORMAT = "dwarf-with-dsym";
				ENABLE_NS_ASSERTIONS = NO;
				ENABLE_STRICT_OBJC_MSGSEND = YES;
				GCC_C_LANGUAGE_STANDARD = gnu11;
				GCC_NO_COMMON_BLOCKS = YES;
				GCC_WARN_64_TO_32_BIT_CONVERSION = YES;
				GCC_WARN_ABOUT_RETURN_TYPE = YES_ERROR;
				GCC_WARN_UNDECLARED_SELECTOR = YES;
				GCC_WARN_UNINITIALIZED_AUTOS = YES_AGGRESSIVE;
				GCC_WARN_UNUSED_FUNCTION = YES;
				GCC_WARN_UNUSED_VARIABLE = YES;
				IPHONEOS_DEPLOYMENT_TARGET = 11.0;
				MTL_ENABLE_DEBUG_INFO = NO;
				MTL_FAST_MATH = YES;
				SDKROOT = iphoneos;
				SWIFT_COMPILATION_MODE = wholemodule;
				SWIFT_OPTIMIZATION_LEVEL = "-O";
				VALIDATE_PRODUCT = YES;
			};
			name = Release;
		};
		AF4968A324572A9600188743 /* Debug */ = {
			isa = XCBuildConfiguration;
			buildSettings = {
				ASSETCATALOG_COMPILER_APPICON_NAME = AppIcon;
				CODE_SIGN_STYLE = Automatic;
				INFOPLIST_FILE = PhotoAlbums/Info.plist;
				LD_RUNPATH_SEARCH_PATHS = (
					"$(inherited)",
					"@executable_path/Frameworks",
				);
				PRODUCT_BUNDLE_IDENTIFIER = yuliiapavlenko.PhotoAlbums;
				PRODUCT_NAME = "$(TARGET_NAME)";
				SWIFT_VERSION = 5.0;
				TARGETED_DEVICE_FAMILY = 1;
			};
			name = Debug;
		};
		AF4968A424572A9600188743 /* Release */ = {
			isa = XCBuildConfiguration;
			buildSettings = {
				ASSETCATALOG_COMPILER_APPICON_NAME = AppIcon;
				CODE_SIGN_STYLE = Automatic;
				INFOPLIST_FILE = PhotoAlbums/Info.plist;
				LD_RUNPATH_SEARCH_PATHS = (
					"$(inherited)",
					"@executable_path/Frameworks",
				);
				PRODUCT_BUNDLE_IDENTIFIER = yuliiapavlenko.PhotoAlbums;
				PRODUCT_NAME = "$(TARGET_NAME)";
				SWIFT_VERSION = 5.0;
				TARGETED_DEVICE_FAMILY = 1;
			};
			name = Release;
		};
/* End XCBuildConfiguration section */

/* Begin XCConfigurationList section */
		AF49688924572A9300188743 /* Build configuration list for PBXProject "PhotoAlbums" */ = {
			isa = XCConfigurationList;
			buildConfigurations = (
				AF4968A024572A9600188743 /* Debug */,
				AF4968A124572A9600188743 /* Release */,
			);
			defaultConfigurationIsVisible = 0;
			defaultConfigurationName = Release;
		};
		AF4968A224572A9600188743 /* Build configuration list for PBXNativeTarget "PhotoAlbums" */ = {
			isa = XCConfigurationList;
			buildConfigurations = (
				AF4968A324572A9600188743 /* Debug */,
				AF4968A424572A9600188743 /* Release */,
			);
			defaultConfigurationIsVisible = 0;
			defaultConfigurationName = Release;
		};
/* End XCConfigurationList section */
	};
	rootObject = AF49688624572A9300188743 /* Project object */;
}
